
Microsoft Visual Studio Solution File, Format Version 12.00
# Visual Studio Version 17
VisualStudioVersion = 17.9.34310.174
MinimumVisualStudioVersion = 10.0.40219.1
Project("{9A19103F-16F7-4668-BE54-9A1E7A4F7556}") = "BugNet", "src\BugNet\BugNet.csproj", "{865CF03A-F408-4C16-A868-966AB5E32A1F}"
EndProject
Project("{2150E333-8FDC-42A3-9474-1A3956D46DE8}") = "src", "src", "{1BDDCB8E-F29D-41A7-A9A2-DDC1911230C7}"
EndProject
Project("{FAE04EC0-301F-11D3-BF4B-00C04F79EFBC}") = "BugNet.Web", "src\BugNet.Web\BugNet.Web.csproj", "{B42B1D94-F4B9-4E40-AF90-E17EE2A6FE67}"
EndProject
Global
	GlobalSection(SolutionConfigurationPlatforms) = preSolution
		Debug|Any CPU = Debug|Any CPU
		Release|Any CPU = Release|Any CPU
	EndGlobalSection
	GlobalSection(ProjectConfigurationPlatforms) = postSolution
		{865CF03A-F408-4C16-A868-966AB5E32A1F}.Debug|Any CPU.ActiveCfg = Debug|Any CPU
		{865CF03A-F408-4C16-A868-966AB5E32A1F}.Debug|Any CPU.Build.0 = Debug|Any CPU
		{865CF03A-F408-4C16-A868-966AB5E32A1F}.Release|Any CPU.ActiveCfg = Release|Any CPU
		{865CF03A-F408-4C16-A868-966AB5E32A1F}.Release|Any CPU.Build.0 = Release|Any CPU
		{B42B1D94-F4B9-4E40-AF90-E17EE2A6FE67}.Debug|Any CPU.ActiveCfg = Debug|Any CPU
		{B42B1D94-F4B9-4E40-AF90-E17EE2A6FE67}.Debug|Any CPU.Build.0 = Debug|Any CPU
		{B42B1D94-F4B9-4E40-AF90-E17EE2A6FE67}.Release|Any CPU.ActiveCfg = Release|Any CPU
		{B42B1D94-F4B9-4E40-AF90-E17EE2A6FE67}.Release|Any CPU.Build.0 = Release|Any CPU
	EndGlobalSection
	GlobalSection(SolutionProperties) = preSolution
		HideSolutionNode = FALSE
	EndGlobalSection
	GlobalSection(NestedProjects) = preSolution
		{865CF03A-F408-4C16-A868-966AB5E32A1F} = {1BDDCB8E-F29D-41A7-A9A2-DDC1911230C7}
		{B42B1D94-F4B9-4E40-AF90-E17EE2A6FE67} = {1BDDCB8E-F29D-41A7-A9A2-DDC1911230C7}
	EndGlobalSection
	GlobalSection(ExtensibilityGlobals) = postSolution
		SolutionGuid = {C26B3BF4-F2DF-45A6-BAB5-872A5FA0D1AC}
	EndGlobalSection
EndGlobal
